test:
  K: 2
  Nr:
    - 1
    - 1
  Nt:
    - 1
    - 1
  T:
    - 2
    - 2
  B:
    - 2
    - 2
  P:
    - 30
    - 30
  snr_db:
    - 25
    - 25
  fs:
    - 15000.0
    - 15000.0
  epsilon:
    - 1.0e-10
    - 1.0e-10

simulation:
  convergence_precoder_update_mode: direct_precoder
  initial_lambda_rate_constraint: 0.1
  initial_lambda_power_constraint: 0.01
  max_epochs: 10
  lr_net: 0.02
  lr_rate_constraint: 0.01
  lr_power_constraint: 0.001
  constraint_loss_form: plain_lagrangian
  augmented_lagrangian_rho_rate: 1.0
  augmented_lagrangian_rho_power: 1.0
  print_every_epoch: 10

  kkt_primal_tol: 1.0e-5
  kkt_complementarity_tol: 1.0e-5
  kkt_stationarity_tol: 1.0e-3
  reduced_n_kl_log_interval: 10

  max_total_blocks: 4
  uplink_rate_model: snr
  uplink_objective_mode: unweighted_sum_rate
  beam_reward_mode: rate

  experiment_scenario:
    mode: payload_completion
    payload_bits_source: system_B
    skip_infeasible_blocks: true
    skip_block_adds_full_T_latency: true
    track_skipped_blocks: true

  n_kl_range:
    min: 1
    step: 1
  n_search_direction: descending
  n_search_strategy: fixed_step
  n_search_coarse_step: 1
  n_search_exponential_factor: 2

  exhaustive_compare:
    max_blocks: 4
    allow_block_skip: true
    suppress_inner_logs: true
    normalize_channels: false
    catalog_detail_mode: full
